{
  "name": "noobgl-camera",
  "version": "0.0.2",
  "lockfileVersion": 1,
  "requires": true,
  "dependencies": {
    "noobgl-matrix": {
      "version": "0.0.1",
      "resolved": "https://registry.npmjs.org/noobgl-matrix/-/noobgl-matrix-0.0.1.tgz",
      "integrity": "sha512-wvx6jkeX4sz6u/Cilp9nkEEehaB9ZcvKoUDzR3ufLcLwrEKsWMLDkNvaP+WRqCwKqGzDtT4kUGSMskUGvSlL9w=="
    },
    "noobgl-vector": {
      "version": "0.0.1",
      "resolved": "https://registry.npmjs.org/noobgl-vector/-/noobgl-vector-0.0.1.tgz",
      "integrity": "sha512-NavSarCmr8COhDTCHKuFI8cu28xk5lOaQ9HtiIEY78gByj21a3qqds8So96+rffrXEvMSlVwUABUT+tO8bbtsw=="
    }
  }
}
